
Microsoft Visual Studio Solution File, Format Version 12.00
# Visual Studio Version 17
VisualStudioVersion = 17.5.002.0
MinimumVisualStudioVersion = 10.0.40219.1
Project("{9A19103F-16F7-4668-BE54-9A1E7A4F7556}") = "Contacts_Management_API", "Contacts_Management_API\Contacts_Management_API.csproj", "{F7A1C334-D0D9-455D-8751-F7F52D8CBF1B}"
EndProject
Global
	GlobalSection(SolutionConfigurationPlatforms) = preSolution
		Debug|Any CPU = Debug|Any CPU
		Release|Any CPU = Release|Any CPU
	EndGlobalSection
	GlobalSection(ProjectConfigurationPlatforms) = postSolution
		{F7A1C334-D0D9-455D-8751-F7F52D8CBF1B}.Debug|Any CPU.ActiveCfg = Debug|Any CPU
		{F7A1C334-D0D9-455D-8751-F7F52D8CBF1B}.Debug|Any CPU.Build.0 = Debug|Any CPU
		{F7A1C334-D0D9-455D-8751-F7F52D8CBF1B}.Release|Any CPU.ActiveCfg = Release|Any CPU
		{F7A1C334-D0D9-455D-8751-F7F52D8CBF1B}.Release|Any CPU.Build.0 = Release|Any CPU
	EndGlobalSection
	GlobalSection(SolutionProperties) = preSolution
		HideSolutionNode = FALSE
	EndGlobalSection
	GlobalSection(ExtensibilityGlobals) = postSolution
		SolutionGuid = {9485B5D3-DD97-4C21-80FE-4331A5056A35}
	EndGlobalSection
EndGlobal
